// !$*UTF8*$!
{
	archiveVersion = 1;
	classes = {
	};
	objectVersion = 50;
	objects = {

/* Begin PBXBuildFile section */
		21B2B7C9218702530038C444 /* AppDelegate.swift in Sources */ = {isa = PBXBuildFile; fileRef = 21B2B7C8218702530038C444 /* AppDelegate.swift */; };
		21B2B7CB218702530038C444 /* ViewController.swift in Sources */ = {isa = PBXBuildFile; fileRef = 21B2B7CA218702530038C444 /* ViewController.swift */; };
		21B2B7CE218702530038C444 /* Main.storyboard in Resources */ = {isa = PBXBuildFile; fileRef = 21B2B7CC218702530038C444 /* Main.storyboard */; };
		21B2B7D0218702540038C444 /* Assets.xcassets in Resources */ = {isa = PBXBuildFile; fileRef = 21B2B7CF218702540038C444 /* Assets.xcassets */; };
		21B2B7D3218702540038C444 /* LaunchScreen.storyboard in Resources */ = {isa = PBXBuildFile; fileRef = 21B2B7D1218702540038C444 /* LaunchScreen.storyboard */; };
		21B2B7E1218702800038C444 /* IntentHandler.swift in Sources */ = {isa = PBXBuildFile; fileRef = 21B2B7E0218702800038C444 /* IntentHandler.swift */; };
		21B2B7EA218702800038C444 /* IntentsUI.framework in Frameworks */ = {isa = PBXBuildFile; fileRef = 21B2B7E9218702800038C444 /* IntentsUI.framework */; };
		21B2B7ED218702800038C444 /* IntentViewController.swift in Sources */ = {isa = PBXBuildFile; fileRef = 21B2B7EC218702800038C444 /* IntentViewController.swift */; };
		21B2B7F0218702800038C444 /* MainInterface.storyboard in Resources */ = {isa = PBXBuildFile; fileRef = 21B2B7EE218702800038C444 /* MainInterface.storyboard */; };
		21B2B7F4218702800038C444 /* MouseSiriImtentUI.appex in Embed App Extensions */ = {isa = PBXBuildFile; fileRef = 21B2B7E7218702800038C444 /* MouseSiriImtentUI.appex */; settings = {ATTRIBUTES = (RemoveHeadersOnCopy, ); }; };
		21B2B7F7218702800038C444 /* MouseSiriImtent.appex in Embed App Extensions */ = {isa = PBXBuildFile; fileRef = 21B2B7DE218702800038C444 /* MouseSiriImtent.appex */; settings = {ATTRIBUTES = (RemoveHeadersOnCopy, ); }; };
/* End PBXBuildFile section */

/* Begin PBXContainerItemProxy section */
		21B2B7F2218702800038C444 /* PBXContainerItemProxy */ = {
			isa = PBXContainerItemProxy;
			containerPortal = 21B2B7BD218702530038C444 /* Project object */;
			proxyType = 1;
			remoteGlobalIDString = 21B2B7E6218702800038C444;
			remoteInfo = MouseSiriImtentUI;
		};
		21B2B7F5218702800038C444 /* PBXContainerItemProxy */ = {
			isa = PBXContainerItemProxy;
			containerPortal = 21B2B7BD218702530038C444 /* Project object */;
			proxyType = 1;
			remoteGlobalIDString = 21B2B7DD218702800038C444;
			remoteInfo = MouseSiriImtent;
		};
/* End PBXContainerItemProxy section */

/* Begin PBXCopyFilesBuildPhase section */
		21B2B7FE218702800038C444 /* Embed App Extensions */ = {
			isa = PBXCopyFilesBuildPhase;
			buildActionMask = 2147483647;
			dstPath = "";
			dstSubfolderSpec = 13;
			files = (
				21B2B7F7218702800038C444 /* MouseSiriImtent.appex in Embed App Extensions */,
				21B2B7F4218702800038C444 /* MouseSiriImtentUI.appex in Embed App Extensions */,
			);
			name = "Embed App Extensions";
			runOnlyForDeploymentPostprocessing = 0;
		};
/* End PBXCopyFilesBuildPhase section */

/* Begin PBXFileReference section */
		21B2B7C5218702530038C444 /* Mouse.app */ = {isa = PBXFileReference; explicitFileType = wrapper.application; includeInIndex = 0; path = Mouse.app; sourceTree = BUILT_PRODUCTS_DIR; };
		21B2B7C8218702530038C444 /* AppDelegate.swift */ = {isa = PBXFileReference; lastKnownFileType = sourcecode.swift; path = AppDelegate.swift; sourceTree = "<group>"; };
		21B2B7CA218702530038C444 /* ViewController.swift */ = {isa = PBXFileReference; lastKnownFileType = sourcecode.swift; path = ViewController.swift; sourceTree = "<group>"; };
		21B2B7CD218702530038C444 /* Base */ = {isa = PBXFileReference; lastKnownFileType = file.storyboard; name = Base; path = Base.lproj/Main.storyboard; sourceTree = "<group>"; };
		21B2B7CF218702540038C444 /* Assets.xcassets */ = {isa = PBXFileReference; lastKnownFileType = folder.assetcatalog; path = Assets.xcassets; sourceTree = "<group>"; };
		21B2B7D2218702540038C444 /* Base */ = {isa = PBXFileReference; lastKnownFileType = file.storyboard; name = Base; path = Base.lproj/LaunchScreen.storyboard; sourceTree = "<group>"; };
		21B2B7D4218702540038C444 /* Info.plist */ = {isa = PBXFileReference; lastKnownFileType = text.plist.xml; path = Info.plist; sourceTree = "<group>"; };
		21B2B7DE218702800038C444 /* MouseSiriImtent.appex */ = {isa = PBXFileReference; explicitFileType = "wrapper.app-extension"; includeInIndex = 0; path = MouseSiriImtent.appex; sourceTree = BUILT_PRODUCTS_DIR; };
		21B2B7E0218702800038C444 /* IntentHandler.swift */ = {isa = PBXFileReference; lastKnownFileType = sourcecode.swift; path = IntentHandler.swift; sourceTree = "<group>"; };
		21B2B7E2218702800038C444 /* Info.plist */ = {isa = PBXFileReference; lastKnownFileType = text.plist.xml; path = Info.plist; sourceTree = "<group>"; };
		21B2B7E7218702800038C444 /* MouseSiriImtentUI.appex */ = {isa = PBXFileReference; explicitFileType = "wrapper.app-extension"; includeInIndex = 0; path = MouseSiriImtentUI.appex; sourceTree = BUILT_PRODUCTS_DIR; };
		21B2B7E9218702800038C444 /* IntentsUI.framework */ = {isa = PBXFileReference; lastKnownFileType = wrapper.framework; name = IntentsUI.framework; path = System/Library/Frameworks/IntentsUI.framework; sourceTree = SDKROOT; };
		21B2B7EC218702800038C444 /* IntentViewController.swift */ = {isa = PBXFileReference; lastKnownFileType = sourcecode.swift; path = IntentViewController.swift; sourceTree = "<group>"; };
		21B2B7EF218702800038C444 /* Base */ = {isa = PBXFileReference; lastKnownFileType = file.storyboard; name = Base; path = Base.lproj/MainInterface.storyboard; sourceTree = "<group>"; };
		21B2B7F1218702800038C444 /* Info.plist */ = {isa = PBXFileReference; lastKnownFileType = text.plist.xml; path = Info.plist; sourceTree = "<group>"; };
/* End PBXFileReference section */

/* Begin PBXFrameworksBuildPhase section */
		21B2B7C2218702530038C444 /* Frameworks */ = {
			isa = PBXFrameworksBuildPhase;
			buildActionMask = 2147483647;
			files = (
			);
			runOnlyForDeploymentPostprocessing = 0;
		};
		21B2B7DB218702800038C444 /* Frameworks */ = {
			isa = PBXFrameworksBuildPhase;
			buildActionMask = 2147483647;
			files = (
			);
			runOnlyForDeploymentPostprocessing = 0;
		};
		21B2B7E4218702800038C444 /* Frameworks */ = {
			isa = PBXFrameworksBuildPhase;
			buildActionMask = 2147483647;
			files = (
				21B2B7EA218702800038C444 /* IntentsUI.framework in Frameworks */,
			);
			runOnlyForDeploymentPostprocessing = 0;
		};
/* End PBXFrameworksBuildPhase section */

/* Begin PBXGroup section */
		21B2B7BC218702530038C444 = {
			isa = PBXGroup;
			children = (
				21B2B7C7218702530038C444 /* Mouse */,
				21B2B7DF218702800038C444 /* MouseSiriImtent */,
				21B2B7EB218702800038C444 /* MouseSiriImtentUI */,
				21B2B7E8218702800038C444 /* Frameworks */,
				21B2B7C6218702530038C444 /* Products */,
			);
			sourceTree = "<group>";
		};
		21B2B7C6218702530038C444 /* Products */ = {
			isa = PBXGroup;
			children = (
				21B2B7C5218702530038C444 /* Mouse.app */,
				21B2B7DE218702800038C444 /* MouseSiriImtent.appex */,
				21B2B7E7218702800038C444 /* MouseSiriImtentUI.appex */,
			);
			name = Products;
			sourceTree = "<group>";
		};
		21B2B7C7218702530038C444 /* Mouse */ = {
			isa = PBXGroup;
			children = (
				21B2B7C8218702530038C444 /* AppDelegate.swift */,
				21B2B7CA218702530038C444 /* ViewController.swift */,
				21B2B7CC218702530038C444 /* Main.storyboard */,
				21B2B7CF218702540038C444 /* Assets.xcassets */,
				21B2B7D1218702540038C444 /* LaunchScreen.storyboard */,
				21B2B7D4218702540038C444 /* Info.plist */,
			);
			path = Mouse;
			sourceTree = "<group>";
		};
		21B2B7DF218702800038C444 /* MouseSiriImtent */ = {
			isa = PBXGroup;
			children = (
				21B2B7E0218702800038C444 /* IntentHandler.swift */,
				21B2B7E2218702800038C444 /* Info.plist */,
			);
			path = MouseSiriImtent;
			sourceTree = "<group>";
		};
		21B2B7E8218702800038C444 /* Frameworks */ = {
			isa = PBXGroup;
			children = (
				21B2B7E9218702800038C444 /* IntentsUI.framework */,
			);
			name = Frameworks;
			sourceTree = "<group>";
		};
		21B2B7EB218702800038C444 /* MouseSiriImtentUI */ = {
			isa = PBXGroup;
			children = (
				21B2B7EC218702800038C444 /* IntentViewController.swift */,
				21B2B7EE218702800038C444 /* MainInterface.storyboard */,
				21B2B7F1218702800038C444 /* Info.plist */,
			);
			path = MouseSiriImtentUI;
			sourceTree = "<group>";
		};
/* End PBXGroup section */

/* Begin PBXNativeTarget section */
		21B2B7C4218702530038C444 /* Mouse */ = {
			isa = PBXNativeTarget;
			buildConfigurationList = 21B2B7D7218702540038C444 /* Build configuration list for PBXNativeTarget "Mouse" */;
			buildPhases = (
				21B2B7C1218702530038C444 /* Sources */,
				21B2B7C2218702530038C444 /* Frameworks */,
				21B2B7C3218702530038C444 /* Resources */,
				21B2B7FE218702800038C444 /* Embed App Extensions */,
			);
			buildRules = (
			);
			dependencies = (
				21B2B7F3218702800038C444 /* PBXTargetDependency */,
				21B2B7F6218702800038C444 /* PBXTargetDependency */,
			);
			name = Mouse;
			productName = Mouse;
			productReference = 21B2B7C5218702530038C444 /* Mouse.app */;
			productType = "com.apple.product-type.application";
		};
		21B2B7DD218702800038C444 /* MouseSiriImtent */ = {
			isa = PBXNativeTarget;
			buildConfigurationList = 21B2B7FB218702800038C444 /* Build configuration list for PBXNativeTarget "MouseSiriImtent" */;
			buildPhases = (
				21B2B7DA218702800038C444 /* Sources */,
				21B2B7DB218702800038C444 /* Frameworks */,
				21B2B7DC218702800038C444 /* Resources */,
			);
			buildRules = (
			);
			dependencies = (
			);
			name = MouseSiriImtent;
			productName = MouseSiriImtent;
			productReference = 21B2B7DE218702800038C444 /* MouseSiriImtent.appex */;
			productType = "com.apple.product-type.app-extension";
		};
		21B2B7E6218702800038C444 /* MouseSiriImtentUI */ = {
			isa = PBXNativeTarget;
			buildConfigurationList = 21B2B7F8218702800038C444 /* Build configuration list for PBXNativeTarget "MouseSiriImtentUI" */;
			buildPhases = (
				21B2B7E3218702800038C444 /* Sources */,
				21B2B7E4218702800038C444 /* Frameworks */,
				21B2B7E5218702800038C444 /* Resources */,
			);
			buildRules = (
			);
			dependencies = (
			);
			name = MouseSiriImtentUI;
			productName = MouseSiriImtentUI;
			productReference = 21B2B7E7218702800038C444 /* MouseSiriImtentUI.appex */;
			productType = "com.apple.product-type.app-extension";
		};
/* End PBXNativeTarget section */

/* Begin PBXProject section */
		21B2B7BD218702530038C444 /* Project object */ = {
			isa = PBXProject;
			attributes = {
				LastSwiftUpdateCheck = 1000;
				LastUpgradeCheck = 1000;
				ORGANIZATIONNAME = grx;
				TargetAttributes = {
					21B2B7C4218702530038C444 = {
						CreatedOnToolsVersion = 10.0;
					};
					21B2B7DD218702800038C444 = {
						CreatedOnToolsVersion = 10.0;
					};
					21B2B7E6218702800038C444 = {
						CreatedOnToolsVersion = 10.0;
					};
				};
			};
			buildConfigurationList = 21B2B7C0218702530038C444 /* Build configuration list for PBXProject "Mouse" */;
			compatibilityVersion = "Xcode 9.3";
			developmentRegion = en;
			hasScannedForEncodings = 0;
			knownRegions = (
				en,
				Base,
			);
			mainGroup = 21B2B7BC218702530038C444;
			productRefGroup = 21B2B7C6218702530038C444 /* Products */;
			projectDirPath = "";
			projectRoot = "";
			targets = (
				21B2B7C4218702530038C444 /* Mouse */,
				21B2B7DD218702800038C444 /* MouseSiriImtent */,
				21B2B7E6218702800038C444 /* MouseSiriImtentUI */,
			);
		};
/* End PBXProject section */

/* Begin PBXResourcesBuildPhase section */
		21B2B7C3218702530038C444 /* Resources */ = {
			isa = PBXResourcesBuildPhase;
			buildActionMask = 2147483647;
			files = (
				21B2B7D3218702540038C444 /* LaunchScreen.storyboard in Resources */,
				21B2B7D0218702540038C444 /* Assets.xcassets in Resources */,
				21B2B7CE218702530038C444 /* Main.storyboard in Resources */,
			);
			runOnlyForDeploymentPostprocessing = 0;
		};
		21B2B7DC218702800038C444 /* Resources */ = {
			isa = PBXResourcesBuildPhase;
			buildActionMask = 2147483647;
			files = (
			);
			runOnlyForDeploymentPostprocessing = 0;
		};
		21B2B7E5218702800038C444 /* Resources */ = {
			isa = PBXResourcesBuildPhase;
			buildActionMask = 2147483647;
			files = (
				21B2B7F0218702800038C444 /* MainInterface.storyboard in Resources */,
			);
			runOnlyForDeploymentPostprocessing = 0;
		};
/* End PBXResourcesBuildPhase section */

/* Begin PBXSourcesBuildPhase section */
		21B2B7C1218702530038C444 /* Sources */ = {
			isa = PBXSourcesBuildPhase;
			buildActionMask = 2147483647;
			files = (
				21B2B7CB218702530038C444 /* ViewController.swift in Sources */,
				21B2B7C9218702530038C444 /* AppDelegate.swift in Sources */,
			);
			runOnlyForDeploymentPostprocessing = 0;
		};
		21B2B7DA218702800038C444 /* Sources */ = {
			isa = PBXSourcesBuildPhase;
			buildActionMask = 2147483647;
			files = (
				21B2B7E1218702800038C444 /* IntentHandler.swift in Sources */,
			);
			runOnlyForDeploymentPostprocessing = 0;
		};
		21B2B7E3218702800038C444 /* Sources */ = {
			isa = PBXSourcesBuildPhase;
			buildActionMask = 2147483647;
			files = (
				21B2B7ED218702800038C444 /* IntentViewController.swift in Sources */,
			);
			runOnlyForDeploymentPostprocessing = 0;
		};
/* End PBXSourcesBuildPhase section */

/* Begin PBXTargetDependency section */
		21B2B7F3218702800038C444 /* PBXTargetDependency */ = {
			isa = PBXTargetDependency;
			target = 21B2B7E6218702800038C444 /* MouseSiriImtentUI */;
			targetProxy = 21B2B7F2218702800038C444 /* PBXContainerItemProxy */;
		};
		21B2B7F6218702800038C444 /* PBXTargetDependency */ = {
			isa = PBXTargetDependency;
			target = 21B2B7DD218702800038C444 /* MouseSiriImtent */;
			targetProxy = 21B2B7F5218702800038C444 /* PBXContainerItemProxy */;
		};
/* End PBXTargetDependency section */

/* Begin PBXVariantGroup section */
		21B2B7CC218702530038C444 /* Main.storyboard */ = {
			isa = PBXVariantGroup;
			children = (
				21B2B7CD218702530038C444 /* Base */,
			);
			name = Main.storyboard;
			sourceTree = "<group>";
		};
		21B2B7D1218702540038C444 /* LaunchScreen.storyboard */ = {
			isa = PBXVariantGroup;
			children = (
				21B2B7D2218702540038C444 /* Base */,
			);
			name = LaunchScreen.storyboard;
			sourceTree = "<group>";
		};
		21B2B7EE218702800038C444 /* MainInterface.storyboard */ = {
			isa = PBXVariantGroup;
			children = (
				21B2B7EF218702800038C444 /* Base */,
			);
			name = MainInterface.storyboard;
			sourceTree = "<group>";
		};
/* End PBXVariantGroup section */

/* Begin XCBuildConfiguration section */
		21B2B7D5218702540038C444 /* Debug */ = {
			isa = XCBuildConfiguration;
			buildSettings = {
				ALWAYS_SEARCH_USER_PATHS = NO;
				CLANG_ANALYZER_NONNULL = YES;
				CLANG_ANALYZER_NUMBER_OBJECT_CONVERSION = YES_AGGRESSIVE;
				CLANG_CXX_LANGUAGE_STANDARD = "gnu++14";
				CLANG_CXX_LIBRARY = "libc++";
				CLANG_ENABLE_MODULES = YES;
				CLANG_ENABLE_OBJC_ARC = YES;
				CLANG_ENABLE_OBJC_WEAK = YES;
				CLANG_WARN_BLOCK_CAPTURE_AUTORELEASING = YES;
				CLANG_WARN_BOOL_CONVERSION = YES;
				CLANG_WARN_COMMA = YES;
				CLANG_WARN_CONSTANT_CONVERSION = YES;
				CLANG_WARN_DEPRECATED_OBJC_IMPLEMENTATIONS = YES;
				CLANG_WARN_DIRECT_OBJC_ISA_USAGE = YES_ERROR;
				CLANG_WARN_DOCUMENTATION_COMMENTS = YES;
				CLANG_WARN_EMPTY_BODY = YES;
				CLANG_WARN_ENUM_CONVERSION = YES;
				CLANG_WARN_INFINITE_RECURSION = YES;
				CLANG_WARN_INT_CONVERSION = YES;
				CLANG_WARN_NON_LITERAL_NULL_CONVERSION = YES;
				CLANG_WARN_OBJC_IMPLICIT_RETAIN_SELF = YES;
				CLANG_WARN_OBJC_LITERAL_CONVERSION = YES;
				CLANG_WARN_OBJC_ROOT_CLASS = YES_ERROR;
				CLANG_WARN_RANGE_LOOP_ANALYSIS = YES;
				CLANG_WARN_STRICT_PROTOTYPES = YES;
				CLANG_WARN_SUSPICIOUS_MOVE = YES;
				CLANG_WARN_UNGUARDED_AVAILABILITY = YES_AGGRESSIVE;
				CLANG_WARN_UNREACHABLE_CODE = YES;
				CLANG_WARN__DUPLICATE_METHOD_MATCH = YES;
				CODE_SIGN_IDENTITY = "iPhone Developer";
				COPY_PHASE_STRIP = NO;
				DEBUG_INFORMATION_FORMAT = dwarf;
				ENABLE_STRICT_OBJC_MSGSEND = YES;
				ENABLE_TESTABILITY = YES;
				GCC_C_LANGUAGE_STANDARD = gnu11;
				GCC_DYNAMIC_NO_PIC = NO;
				GCC_NO_COMMON_BLOCKS = YES;
				GCC_OPTIMIZATION_LEVEL = 0;
				GCC_PREPROCESSOR_DEFINITIONS = (
					"DEBUG=1",
					"$(inherited)",
				);
				GCC_WARN_64_TO_32_BIT_CONVERSION = YES;
				GCC_WARN_ABOUT_RETURN_TYPE = YES_ERROR;
				GCC_WARN_UNDECLARED_SELECTOR = YES;
				GCC_WARN_UNINITIALIZED_AUTOS = YES_AGGRESSIVE;
				GCC_WARN_UNUSED_FUNCTION = YES;
				GCC_WARN_UNUSED_VARIABLE = YES;
				IPHONEOS_DEPLOYMENT_TARGET = 12.0;
				MTL_ENABLE_DEBUG_INFO = INCLUDE_SOURCE;
				MTL_FAST_MATH = YES;
				ONLY_ACTIVE_ARCH = YES;
				SDKROOT = iphoneos;
				SWIFT_ACTIVE_COMPILATION_CONDITIONS = DEBUG;
				SWIFT_OPTIMIZATION_LEVEL = "-Onone";
			};
			name = Debug;
		};
		21B2B7D6218702540038C444 /* Release */ = {
			isa = XCBuildConfiguration;
			buildSettings = {
				ALWAYS_SEARCH_USER_PATHS = NO;
				CLANG_ANALYZER_NONNULL = YES;
				CLANG_ANALYZER_NUMBER_OBJECT_CONVERSION = YES_AGGRESSIVE;
				CLANG_CXX_LANGUAGE_STANDARD = "gnu++14";
				CLANG_CXX_LIBRARY = "libc++";
				CLANG_ENABLE_MODULES = YES;
				CLANG_ENABLE_OBJC_ARC = YES;
				CLANG_ENABLE_OBJC_WEAK = YES;
				CLANG_WARN_BLOCK_CAPTURE_AUTORELEASING = YES;
				CLANG_WARN_BOOL_CONVERSION = YES;
				CLANG_WARN_COMMA = YES;
				CLANG_WARN_CONSTANT_CONVERSION = YES;
				CLANG_WARN_DEPRECATED_OBJC_IMPLEMENTATIONS = YES;
				CLANG_WARN_DIRECT_OBJC_ISA_USAGE = YES_ERROR;
				CLANG_WARN_DOCUMENTATION_COMMENTS = YES;
				CLANG_WARN_EMPTY_BODY = YES;
				CLANG_WARN_ENUM_CONVERSION = YES;
				CLANG_WARN_INFINITE_RECURSION = YES;
				CLANG_WARN_INT_CONVERSION = YES;
				CLANG_WARN_NON_LITERAL_NULL_CONVERSION = YES;
				CLANG_WARN_OBJC_IMPLICIT_RETAIN_SELF = YES;
				CLANG_WARN_OBJC_LITERAL_CONVERSION = YES;
				CLANG_WARN_OBJC_ROOT_CLASS = YES_ERROR;
				CLANG_WARN_RANGE_LOOP_ANALYSIS = YES;
				CLANG_WARN_STRICT_PROTOTYPES = YES;
				CLANG_WARN_SUSPICIOUS_MOVE = YES;
				CLANG_WARN_UNGUARDED_AVAILABILITY = YES_AGGRESSIVE;
				CLANG_WARN_UNREACHABLE_CODE = YES;
				CLANG_WARN__DUPLICATE_METHOD_MATCH = YES;
				CODE_SIGN_IDENTITY = "iPhone Developer";
				COPY_PHASE_STRIP = NO;
				DEBUG_INFORMATION_FORMAT = "dwarf-with-dsym";
				ENABLE_NS_ASSERTIONS = NO;
				ENABLE_STRICT_OBJC_MSGSEND = YES;
				GCC_C_LANGUAGE_STANDARD = gnu11;
				GCC_NO_COMMON_BLOCKS = YES;
				GCC_WARN_64_TO_32_BIT_CONVERSION = YES;
				GCC_WARN_ABOUT_RETURN_TYPE = YES_ERROR;
				GCC_WARN_UNDECLARED_SELECTOR = YES;
				GCC_WARN_UNINITIALIZED_AUTOS = YES_AGGRESSIVE;
				GCC_WARN_UNUSED_FUNCTION = YES;
				GCC_WARN_UNUSED_VARIABLE = YES;
				IPHONEOS_DEPLOYMENT_TARGET = 12.0;
				MTL_ENABLE_DEBUG_INFO = NO;
				MTL_FAST_MATH = YES;
				SDKROOT = iphoneos;
				SWIFT_COMPILATION_MODE = wholemodule;
				SWIFT_OPTIMIZATION_LEVEL = "-O";
				VALIDATE_PRODUCT = YES;
			};
			name = Release;
		};
		21B2B7D8218702540038C444 /* Debug */ = {
			isa = XCBuildConfiguration;
			buildSettings = {
				ALWAYS_EMBED_SWIFT_STANDARD_LIBRARIES = YES;
				ASSETCATALOG_COMPILER_APPICON_NAME = AppIcon;
				CODE_SIGN_STYLE = Automatic;
				DEVELOPMENT_TEAM = 7B79DUQBF7;
				INFOPLIST_FILE = Mouse/Info.plist;
				LD_RUNPATH_SEARCH_PATHS = (
					"$(inherited)",
					"@executable_path/Frameworks",
				);
				PRODUCT_BUNDLE_IDENTIFIER = com.fh.Mouse;
				PRODUCT_NAME = "$(TARGET_NAME)";
				SWIFT_VERSION = 4.2;
				TARGETED_DEVICE_FAMILY = "1,2";
			};
			name = Debug;
		};
		21B2B7D9218702540038C444 /* Release */ = {
			isa = XCBuildConfiguration;
			buildSettings = {
				ALWAYS_EMBED_SWIFT_STANDARD_LIBRARIES = YES;
				ASSETCATALOG_COMPILER_APPICON_NAME = AppIcon;
				CODE_SIGN_STYLE = Automatic;
				DEVELOPMENT_TEAM = 7B79DUQBF7;
				INFOPLIST_FILE = Mouse/Info.plist;
				LD_RUNPATH_SEARCH_PATHS = (
					"$(inherited)",
					"@executable_path/Frameworks",
				);
				PRODUCT_BUNDLE_IDENTIFIER = com.fh.Mouse;
				PRODUCT_NAME = "$(TARGET_NAME)";
				SWIFT_VERSION = 4.2;
				TARGETED_DEVICE_FAMILY = "1,2";
			};
			name = Release;
		};
		21B2B7F9218702800038C444 /* Debug */ = {
			isa = XCBuildConfiguration;
			buildSettings = {
				CODE_SIGN_STYLE = Automatic;
				DEVELOPMENT_TEAM = 7B79DUQBF7;
				INFOPLIST_FILE = MouseSiriImtentUI/Info.plist;
				LD_RUNPATH_SEARCH_PATHS = (
					"$(inherited)",
					"@executable_path/Frameworks",
					"@executable_path/../../Frameworks",
				);
				PRODUCT_BUNDLE_IDENTIFIER = com.fh.Mouse.MouseSiriImtentUI;
				PRODUCT_NAME = "$(TARGET_NAME)";
				SKIP_INSTALL = YES;
				SWIFT_VERSION = 4.2;
				TARGETED_DEVICE_FAMILY = "1,2";
			};
			name = Debug;
		};
		21B2B7FA218702800038C444 /* Release */ = {
			isa = XCBuildConfiguration;
			buildSettings = {
				CODE_SIGN_STYLE = Automatic;
				DEVELOPMENT_TEAM = 7B79DUQBF7;
				INFOPLIST_FILE = MouseSiriImtentUI/Info.plist;
				LD_RUNPATH_SEARCH_PATHS = (
					"$(inherited)",
					"@executable_path/Frameworks",
					"@executable_path/../../Frameworks",
				);
				PRODUCT_BUNDLE_IDENTIFIER = com.fh.Mouse.MouseSiriImtentUI;
				PRODUCT_NAME = "$(TARGET_NAME)";
				SKIP_INSTALL = YES;
				SWIFT_VERSION = 4.2;
				TARGETED_DEVICE_FAMILY = "1,2";
			};
			name = Release;
		};
		21B2B7FC218702800038C444 /* Debug */ = {
			isa = XCBuildConfiguration;
			buildSettings = {
				CODE_SIGN_STYLE = Automatic;
				DEVELOPMENT_TEAM = 7B79DUQBF7;
				INFOPLIST_FILE = MouseSiriImtent/Info.plist;
				LD_RUNPATH_SEARCH_PATHS = (
					"$(inherited)",
					"@executable_path/Frameworks",
					"@executable_path/../../Frameworks",
				);
				PRODUCT_BUNDLE_IDENTIFIER = com.fh.Mouse.MouseSiriImtent;
				PRODUCT_NAME = "$(TARGET_NAME)";
				SKIP_INSTALL = YES;
				SWIFT_VERSION = 4.2;
				TARGETED_DEVICE_FAMILY = "1,2";
			};
			name = Debug;
		};
		21B2B7FD218702800038C444 /* Release */ = {
			isa = XCBuildConfiguration;
			buildSettings = {
				CODE_SIGN_STYLE = Automatic;
				DEVELOPMENT_TEAM = 7B79DUQBF7;
				INFOPLIST_FILE = MouseSiriImtent/Info.plist;
				LD_RUNPATH_SEARCH_PATHS = (
					"$(inherited)",
					"@executable_path/Frameworks",
					"@executable_path/../../Frameworks",
				);
				PRODUCT_BUNDLE_IDENTIFIER = com.fh.Mouse.MouseSiriImtent;
				PRODUCT_NAME = "$(TARGET_NAME)";
				SKIP_INSTALL = YES;
				SWIFT_VERSION = 4.2;
				TARGETED_DEVICE_FAMILY = "1,2";
			};
			name = Release;
		};
/* End XCBuildConfiguration section */

/* Begin XCConfigurationList section */
		21B2B7C0218702530038C444 /* Build configuration list for PBXProject "Mouse" */ = {
			isa = XCConfigurationList;
			buildConfigurations = (
				21B2B7D5218702540038C444 /* Debug */,
				21B2B7D6218702540038C444 /* Release */,
			);
			defaultConfigurationIsVisible = 0;
			defaultConfigurationName = Release;
		};
		21B2B7D7218702540038C444 /* Build configuration list for PBXNativeTarget "Mouse" */ = {
			isa = XCConfigurationList;
			buildConfigurations = (
				21B2B7D8218702540038C444 /* Debug */,
				21B2B7D9218702540038C444 /* Release */,
			);
			defaultConfigurationIsVisible = 0;
			defaultConfigurationName = Release;
		};
		21B2B7F8218702800038C444 /* Build configuration list for PBXNativeTarget "MouseSiriImtentUI" */ = {
			isa = XCConfigurationList;
			buildConfigurations = (
				21B2B7F9218702800038C444 /* Debug */,
				21B2B7FA218702800038C444 /* Release */,
			);
			defaultConfigurationIsVisible = 0;
			defaultConfigurationName = Release;
		};
		21B2B7FB218702800038C444 /* Build configuration list for PBXNativeTarget "MouseSiriImtent" */ = {
			isa = XCConfigurationList;
			buildConfigurations = (
				21B2B7FC218702800038C444 /* Debug */,
				21B2B7FD218702800038C444 /* Release */,
			);
			defaultConfigurationIsVisible = 0;
			defaultConfigurationName = Release;
		};
/* End XCConfigurationList section */
	};
	rootObject = 21B2B7BD218702530038C444 /* Project object */;
}
